<?xml version="1.0" encoding="utf-8"?>
<Project ToolsVersion="4.0" xmlns="http://schemas.microsoft.com/developer/msbuild/2003">
  <ItemGroup>
    <Filter Include="Program">
      <UniqueIdentifier>{93995380-89BD-4b04-88EB-625FBE52EBFB}</UniqueIdentifier>
      <Extensions>h;hpp;hxx;hm;inl;inc;xsd</Extensions>
    </Filter>
    <Filter Include="Shader">
      <UniqueIdentifier>{4FC737F1-C7A5-4376-A066-2A32D752A2FF}</UniqueIdentifier>
      <Extensions>cpp;c;cc;cxx;def;odl;idl;hpj;bat;asm;asmx</Extensions>
    </Filter>
    <Filter Include="Framebuffer">
      <UniqueIdentifier>{e4782ba4-ca5e-4f2c-9685-ce071e432ec6}</UniqueIdentifier>
    </Filter>
    <Filter Include="Renderbuffer">
      <UniqueIdentifier>{6eaa9e43-309e-476b-8dae-e59cb8cf5b5b}</UniqueIdentifier>
    </Filter>
    <Filter Include="Texture">
      <UniqueIdentifier>{ae97162b-1574-4065-8164-9a5725898567}</UniqueIdentifier>
    </Filter>
  </ItemGroup>
  <ItemGroup>
    <ClCompile Include="shader.cpp">
      <Filter>Shader</Filter>
    </ClCompile>
    <ClCompile Include="framebuffer.cpp">
      <Filter>Framebuffer</Filter>
    </ClCompile>
    <ClCompile Include="renderbuffer.cpp">
      <Filter>Renderbuffer</Filter>
    </ClCompile>
    <ClCompile Include="texture.cpp">
      <Filter>Texture</Filter>
    </ClCompile>
    <ClCompile Include="program.cpp">
      <Filter>Program</Filter>
    </ClCompile>
  </ItemGroup>
  <ItemGroup>
    <ClInclude Include="program.h">
      <Filter>Program</Filter>
    </ClInclude>
    <ClInclude Include="framebuffer.h">
      <Filter>Framebuffer</Filter>
    </ClInclude>
    <ClInclude Include="renderbuffer.h">
      <Filter>Renderbuffer</Filter>
    </ClInclude>
    <ClInclude Include="shader.h">
      <Filter>Shader</Filter>
    </ClInclude>
    <ClInclude Include="texture.h">
      <Filter>Texture</Filter>
    </ClInclude>
  </ItemGroup>
</Project>